
Microsoft Visual Studio Solution File, Format Version 12.00
# Visual Studio Version 17
VisualStudioVersion = 17.8.34601.278
MinimumVisualStudioVersion = 10.0.40219.1
Project("{FAE04EC0-301F-11D3-BF4B-00C04F79EFBC}") = "IdentityInsertTest", "IdentityInsertTest.csproj", "{FA2AB648-3FD6-4E77-8F47-0937746EF7BA}"
EndProject
Global
	GlobalSection(SolutionConfigurationPlatforms) = preSolution
		Debug|Any CPU = Debug|Any CPU
		Release|Any CPU = Release|Any CPU
	EndGlobalSection
	GlobalSection(ProjectConfigurationPlatforms) = postSolution
		{FA2AB648-3FD6-4E77-8F47-0937746EF7BA}.Debug|Any CPU.ActiveCfg = Debug|Any CPU
		{FA2AB648-3FD6-4E77-8F47-0937746EF7BA}.Debug|Any CPU.Build.0 = Debug|Any CPU
		{FA2AB648-3FD6-4E77-8F47-0937746EF7BA}.Release|Any CPU.ActiveCfg = Release|Any CPU
		{FA2AB648-3FD6-4E77-8F47-0937746EF7BA}.Release|Any CPU.Build.0 = Release|Any CPU
	EndGlobalSection
	GlobalSection(SolutionProperties) = preSolution
		HideSolutionNode = FALSE
	EndGlobalSection
	GlobalSection(ExtensibilityGlobals) = postSolution
		SolutionGuid = {0D81DBAC-EE67-49C6-B94C-DAF88D64D03D}
	EndGlobalSection
EndGlobal
